
Microsoft Visual Studio Solution File, Format Version 12.00
# Visual Studio Version 16
VisualStudioVersion = 16.0.29911.84
MinimumVisualStudioVersion = 10.0.40219.1
Project("{FAE04EC0-301F-11D3-BF4B-00C04F79EFBC}") = "WebAppDotNetCoreCrudNew", "WebAppDotNetCoreCrudNew\WebAppDotNetCoreCrudNew.csproj", "{FFE751B8-70B9-4516-BC83-7088BF5BCA74}"
EndProject
Global
	GlobalSection(SolutionConfigurationPlatforms) = preSolution
		Debug|Any CPU = Debug|Any CPU
		Release|Any CPU = Release|Any CPU
	EndGlobalSection
	GlobalSection(ProjectConfigurationPlatforms) = postSolution
		{FFE751B8-70B9-4516-BC83-7088BF5BCA74}.Debug|Any CPU.ActiveCfg = Debug|Any CPU
		{FFE751B8-70B9-4516-BC83-7088BF5BCA74}.Debug|Any CPU.Build.0 = Debug|Any CPU
		{FFE751B8-70B9-4516-BC83-7088BF5BCA74}.Release|Any CPU.ActiveCfg = Release|Any CPU
		{FFE751B8-70B9-4516-BC83-7088BF5BCA74}.Release|Any CPU.Build.0 = Release|Any CPU
	EndGlobalSection
	GlobalSection(SolutionProperties) = preSolution
		HideSolutionNode = FALSE
	EndGlobalSection
	GlobalSection(ExtensibilityGlobals) = postSolution
		SolutionGuid = {8201897F-D1C3-4B00-BFE1-6058EA486DB8}
	EndGlobalSection
EndGlobal
